
Microsoft Visual Studio Solution File, Format Version 12.00
# Visual Studio Version 17
VisualStudioVersion = 17.0.31903.59
MinimumVisualStudioVersion = 10.0.40219.1
Project("{2150E333-8FDC-42A3-9474-1A3956D46DE8}") = "src", "src", "{61E20D43-FC93-4D97-91C5-FC15B509345C}"
EndProject
Project("{2150E333-8FDC-42A3-9474-1A3956D46DE8}") = "Usuarios", "Usuarios", "{8BAAA151-AB91-4483-98C1-5A4BA1C9A1A7}"
EndProject
Project("{FAE04EC0-301F-11D3-BF4B-00C04F79EFBC}") = "Usuarios.Domain", "src\Usuarios\Usuarios.Domain\Usuarios.Domain.csproj", "{E9CC03D1-4CCA-4B42-9FAC-196755116CEC}"
EndProject
Project("{FAE04EC0-301F-11D3-BF4B-00C04F79EFBC}") = "Usuarios.Application", "src\Usuarios\Usuarios.Application\Usuarios.Application.csproj", "{62A9377F-ECE9-4A2D-8C59-48092B22ED31}"
EndProject
Project("{FAE04EC0-301F-11D3-BF4B-00C04F79EFBC}") = "Usuarios.Infraestructure", "src\Usuarios\Usuarios.Infraestructure\Usuarios.Infraestructure.csproj", "{CA07819D-BD5A-4FC7-B00F-EC0C0C4A7B66}"
EndProject
Project("{FAE04EC0-301F-11D3-BF4B-00C04F79EFBC}") = "Usuarios.Api", "src\Usuarios\Usuarios.Api\Usuarios.Api.csproj", "{16F71DA8-F18D-471A-AB8E-D558ABF2D338}"
EndProject
Global
	GlobalSection(SolutionConfigurationPlatforms) = preSolution
		Debug|Any CPU = Debug|Any CPU
		Release|Any CPU = Release|Any CPU
	EndGlobalSection
	GlobalSection(SolutionProperties) = preSolution
		HideSolutionNode = FALSE
	EndGlobalSection
	GlobalSection(ProjectConfigurationPlatforms) = postSolution
		{E9CC03D1-4CCA-4B42-9FAC-196755116CEC}.Debug|Any CPU.ActiveCfg = Debug|Any CPU
		{E9CC03D1-4CCA-4B42-9FAC-196755116CEC}.Debug|Any CPU.Build.0 = Debug|Any CPU
		{E9CC03D1-4CCA-4B42-9FAC-196755116CEC}.Release|Any CPU.ActiveCfg = Release|Any CPU
		{E9CC03D1-4CCA-4B42-9FAC-196755116CEC}.Release|Any CPU.Build.0 = Release|Any CPU
		{62A9377F-ECE9-4A2D-8C59-48092B22ED31}.Debug|Any CPU.ActiveCfg = Debug|Any CPU
		{62A9377F-ECE9-4A2D-8C59-48092B22ED31}.Debug|Any CPU.Build.0 = Debug|Any CPU
		{62A9377F-ECE9-4A2D-8C59-48092B22ED31}.Release|Any CPU.ActiveCfg = Release|Any CPU
		{62A9377F-ECE9-4A2D-8C59-48092B22ED31}.Release|Any CPU.Build.0 = Release|Any CPU
		{CA07819D-BD5A-4FC7-B00F-EC0C0C4A7B66}.Debug|Any CPU.ActiveCfg = Debug|Any CPU
		{CA07819D-BD5A-4FC7-B00F-EC0C0C4A7B66}.Debug|Any CPU.Build.0 = Debug|Any CPU
		{CA07819D-BD5A-4FC7-B00F-EC0C0C4A7B66}.Release|Any CPU.ActiveCfg = Release|Any CPU
		{CA07819D-BD5A-4FC7-B00F-EC0C0C4A7B66}.Release|Any CPU.Build.0 = Release|Any CPU
		{16F71DA8-F18D-471A-AB8E-D558ABF2D338}.Debug|Any CPU.ActiveCfg = Debug|Any CPU
		{16F71DA8-F18D-471A-AB8E-D558ABF2D338}.Debug|Any CPU.Build.0 = Debug|Any CPU
		{16F71DA8-F18D-471A-AB8E-D558ABF2D338}.Release|Any CPU.ActiveCfg = Release|Any CPU
		{16F71DA8-F18D-471A-AB8E-D558ABF2D338}.Release|Any CPU.Build.0 = Release|Any CPU
	EndGlobalSection
	GlobalSection(NestedProjects) = preSolution
		{8BAAA151-AB91-4483-98C1-5A4BA1C9A1A7} = {61E20D43-FC93-4D97-91C5-FC15B509345C}
		{E9CC03D1-4CCA-4B42-9FAC-196755116CEC} = {8BAAA151-AB91-4483-98C1-5A4BA1C9A1A7}
		{62A9377F-ECE9-4A2D-8C59-48092B22ED31} = {8BAAA151-AB91-4483-98C1-5A4BA1C9A1A7}
		{CA07819D-BD5A-4FC7-B00F-EC0C0C4A7B66} = {8BAAA151-AB91-4483-98C1-5A4BA1C9A1A7}
		{16F71DA8-F18D-471A-AB8E-D558ABF2D338} = {8BAAA151-AB91-4483-98C1-5A4BA1C9A1A7}
	EndGlobalSection
EndGlobal
